
Microsoft Visual Studio Solution File, Format Version 12.00
# Visual Studio 15
VisualStudioVersion = 15.0.26403.7
MinimumVisualStudioVersion = 10.0.40219.1
Project("{FAE04EC0-301F-11D3-BF4B-00C04F79EFBC}") = "UI.Controls.Viewport", "UI.Controls.Viewport\UI.Controls.Viewport.csproj", "{8A68CD66-5F04-41AE-ACA6-B0FDE03698F8}"
EndProject
Project("{FAE04EC0-301F-11D3-BF4B-00C04F79EFBC}") = "UI.Windows", "UI.Windows\UI.Windows.csproj", "{779AC8DA-F333-4EF5-B61B-925B7704FF24}"
EndProject
Project("{FAE04EC0-301F-11D3-BF4B-00C04F79EFBC}") = "Core", "Core\Core.csproj", "{282E2A0E-F253-4B20-8FC8-F406D6778691}"
EndProject
Project("{FAE04EC0-301F-11D3-BF4B-00C04F79EFBC}") = "Core.Test", "Core.Test\Core.Test.csproj", "{EB116E25-5849-4304-BAD7-DD67DA5F4DA3}"
EndProject
Global
	GlobalSection(SolutionConfigurationPlatforms) = preSolution
		Debug|Any CPU = Debug|Any CPU
		Debug|Mixed Platforms = Debug|Mixed Platforms
		Debug|Win32 = Debug|Win32
		Release|Any CPU = Release|Any CPU
		Release|Mixed Platforms = Release|Mixed Platforms
		Release|Win32 = Release|Win32
	EndGlobalSection
	GlobalSection(ProjectConfigurationPlatforms) = postSolution
		{8A68CD66-5F04-41AE-ACA6-B0FDE03698F8}.Debug|Any CPU.ActiveCfg = Debug|Any CPU
		{8A68CD66-5F04-41AE-ACA6-B0FDE03698F8}.Debug|Any CPU.Build.0 = Debug|Any CPU
		{8A68CD66-5F04-41AE-ACA6-B0FDE03698F8}.Debug|Mixed Platforms.ActiveCfg = Debug|Any CPU
		{8A68CD66-5F04-41AE-ACA6-B0FDE03698F8}.Debug|Mixed Platforms.Build.0 = Debug|Any CPU
		{8A68CD66-5F04-41AE-ACA6-B0FDE03698F8}.Debug|Win32.ActiveCfg = Debug|Any CPU
		{8A68CD66-5F04-41AE-ACA6-B0FDE03698F8}.Debug|Win32.Build.0 = Debug|Any CPU
		{8A68CD66-5F04-41AE-ACA6-B0FDE03698F8}.Release|Any CPU.ActiveCfg = Release|Any CPU
		{8A68CD66-5F04-41AE-ACA6-B0FDE03698F8}.Release|Any CPU.Build.0 = Release|Any CPU
		{8A68CD66-5F04-41AE-ACA6-B0FDE03698F8}.Release|Mixed Platforms.ActiveCfg = Release|Any CPU
		{8A68CD66-5F04-41AE-ACA6-B0FDE03698F8}.Release|Mixed Platforms.Build.0 = Release|Any CPU
		{8A68CD66-5F04-41AE-ACA6-B0FDE03698F8}.Release|Win32.ActiveCfg = Release|Any CPU
		{779AC8DA-F333-4EF5-B61B-925B7704FF24}.Debug|Any CPU.ActiveCfg = Debug|Any CPU
		{779AC8DA-F333-4EF5-B61B-925B7704FF24}.Debug|Any CPU.Build.0 = Debug|Any CPU
		{779AC8DA-F333-4EF5-B61B-925B7704FF24}.Debug|Mixed Platforms.ActiveCfg = Debug|Any CPU
		{779AC8DA-F333-4EF5-B61B-925B7704FF24}.Debug|Mixed Platforms.Build.0 = Debug|Any CPU
		{779AC8DA-F333-4EF5-B61B-925B7704FF24}.Debug|Win32.ActiveCfg = Debug|Any CPU
		{779AC8DA-F333-4EF5-B61B-925B7704FF24}.Debug|Win32.Build.0 = Debug|Any CPU
		{779AC8DA-F333-4EF5-B61B-925B7704FF24}.Release|Any CPU.ActiveCfg = Release|Any CPU
		{779AC8DA-F333-4EF5-B61B-925B7704FF24}.Release|Any CPU.Build.0 = Release|Any CPU
		{779AC8DA-F333-4EF5-B61B-925B7704FF24}.Release|Mixed Platforms.ActiveCfg = Release|Any CPU
		{779AC8DA-F333-4EF5-B61B-925B7704FF24}.Release|Mixed Platforms.Build.0 = Release|Any CPU
		{779AC8DA-F333-4EF5-B61B-925B7704FF24}.Release|Win32.ActiveCfg = Release|Any CPU
		{282E2A0E-F253-4B20-8FC8-F406D6778691}.Debug|Any CPU.ActiveCfg = Debug|Any CPU
		{282E2A0E-F253-4B20-8FC8-F406D6778691}.Debug|Any CPU.Build.0 = Debug|Any CPU
		{282E2A0E-F253-4B20-8FC8-F406D6778691}.Debug|Mixed Platforms.ActiveCfg = Debug|Any CPU
		{282E2A0E-F253-4B20-8FC8-F406D6778691}.Debug|Mixed Platforms.Build.0 = Debug|Any CPU
		{282E2A0E-F253-4B20-8FC8-F406D6778691}.Debug|Win32.ActiveCfg = Debug|Any CPU
		{282E2A0E-F253-4B20-8FC8-F406D6778691}.Debug|Win32.Build.0 = Debug|Any CPU
		{282E2A0E-F253-4B20-8FC8-F406D6778691}.Release|Any CPU.ActiveCfg = Release|Any CPU
		{282E2A0E-F253-4B20-8FC8-F406D6778691}.Release|Any CPU.Build.0 = Release|Any CPU
		{282E2A0E-F253-4B20-8FC8-F406D6778691}.Release|Mixed Platforms.ActiveCfg = Release|Any CPU
		{282E2A0E-F253-4B20-8FC8-F406D6778691}.Release|Mixed Platforms.Build.0 = Release|Any CPU
		{282E2A0E-F253-4B20-8FC8-F406D6778691}.Release|Win32.ActiveCfg = Release|Any CPU
		{282E2A0E-F253-4B20-8FC8-F406D6778691}.Release|Win32.Build.0 = Release|Any CPU
		{EB116E25-5849-4304-BAD7-DD67DA5F4DA3}.Debug|Any CPU.ActiveCfg = Debug|Any CPU
		{EB116E25-5849-4304-BAD7-DD67DA5F4DA3}.Debug|Any CPU.Build.0 = Debug|Any CPU
		{EB116E25-5849-4304-BAD7-DD67DA5F4DA3}.Debug|Mixed Platforms.ActiveCfg = Debug|Any CPU
		{EB116E25-5849-4304-BAD7-DD67DA5F4DA3}.Debug|Mixed Platforms.Build.0 = Debug|Any CPU
		{EB116E25-5849-4304-BAD7-DD67DA5F4DA3}.Debug|Win32.ActiveCfg = Debug|Any CPU
		{EB116E25-5849-4304-BAD7-DD67DA5F4DA3}.Debug|Win32.Build.0 = Debug|Any CPU
		{EB116E25-5849-4304-BAD7-DD67DA5F4DA3}.Release|Any CPU.ActiveCfg = Release|Any CPU
		{EB116E25-5849-4304-BAD7-DD67DA5F4DA3}.Release|Any CPU.Build.0 = Release|Any CPU
		{EB116E25-5849-4304-BAD7-DD67DA5F4DA3}.Release|Mixed Platforms.ActiveCfg = Release|Any CPU
		{EB116E25-5849-4304-BAD7-DD67DA5F4DA3}.Release|Mixed Platforms.Build.0 = Release|Any CPU
		{EB116E25-5849-4304-BAD7-DD67DA5F4DA3}.Release|Win32.ActiveCfg = Release|Any CPU
		{EB116E25-5849-4304-BAD7-DD67DA5F4DA3}.Release|Win32.Build.0 = Release|Any CPU
	EndGlobalSection
	GlobalSection(SolutionProperties) = preSolution
		HideSolutionNode = FALSE
	EndGlobalSection
	GlobalSection(ExtensibilityGlobals) = postSolution
		SolutionGuid = {1E4C97B0-B75A-47AB-91BE-BD87909E5D49}
	EndGlobalSection
	GlobalSection(SubversionScc) = preSolution
		Svn-Managed = True
		Manager = AnkhSVN - Subversion Support for Visual Studio
	EndGlobalSection
	GlobalSection(TestCaseManagementSettings) = postSolution
		CategoryFile = ThreeDee.vsmdi
	EndGlobalSection
EndGlobal
